github.com/creack/pty v1.1.9/go.mod h1:oKZEueFk5CKHvIhNR5MUki03XCEU+Q6VDXinZuGJ33E=
github.com/gilramir/argparse v2.0.7+incompatible h1:Fm7SpVgae4eBuOQ+5ae50xOzDTG+99TnqqnZgaceu9Y=
github.com/gilramir/argparse v2.1.0+incompatible h1:Q82ek9VBo8+SxVK7tfrpv3dw0+o8KXYmJ+tCzrhQ2bQ=
github.com/gilramir/argparse v2.1.0+incompatible/go.mod h1:p4s/z01wo9FfIscs5aF99wfNRxtdiYSDzEEz3b2gXn8=
github.com/gilramir/argparse/v2 v2.0.7 h1:yH/iUJ2v3PGMnntOBs2trMLPgIF9angWNQrkXmP9P/M=
github.com/gilramir/argparse/v2 v2.0.7/go.mod h1:CbTvkeErt8gVkkWHyAmW0SpHvifKZrgdaXXXRf4Cge8=
github.com/gilramir/argparse/v2 v2.1.0 h1:UTIn9MVk9W3tK8WcmYKwlPfuxskOOWRBgtjdaOxMw3A=
github.com/gilramir/argparse/v2 v2.1.0/go.mod h1:CbTvkeErt8gVkkWHyAmW0SpHvifKZrgdaXXXRf4Cge8=
github.com/gilramir/argparse/v2 v2.1.1 h1:+N4VKdY/UYsZJmpq9e0Ub12mCxFFyccvJigHk14qVWE=
github.com/gilramir/argparse/v2 v2.1.1/go.mod h1:CbTvkeErt8gVkkWHyAmW0SpHvifKZrgdaXXXRf4Cge8=
github.com/gilramir/consolesize v1.0.1 h1:x5WRPN9WFV4EhoigDuHONL7/LltYb+kdrm0B9f84kA8=
github.com/gilramir/consolesize v1.0.1/go.mod h1:tEMiISIBz8XKijA+jWSdDLHimUogyzfWElnw4Y/tjDs=
github.com/gilramir/unicodemonowidth v1.1.1 h1:jD3KtrSlMJyZLBQ+eL+LX6V9DIH5Hauoc8nJexB3tzk=
github.com/gilramir/unicodemonowidth v1.1.1/go.mod h1:ulpTkYcUylcQPpoX4HNDb3bzDET68pVQFWw0cwIzp20=
github.com/kr/pretty v0.2.0/go.mod h1:ipq/a2n7PKx3OHsz4KJII5eveXtPO4qwEXGdVfWzfnI=
github.com/kr/pty v1.1.1/go.mod h1:pFQYn66WHrOpPYNljwOMqo10TkYh1fy3cYio2l3bCsQ=
github.com/kr/text v0.1.0/go.mod h1:4Jbv+DJW3UT/LiOwJeYQe1efqtUx/iVham/4vfdArNI=
github.com/kr/text v0.2.0/go.mod h1:eLer722TekiGuMkidMxC/pM04lWEeraHUUmBw8l2grE=
golang.org/x/sys v0.0.0-20200212091648-12a6c2dcc1e4/go.mod h1:h1NjWce9XRLGQEsW7wpKNCjG9DtNlClVuFLEZdDNbEs=
golang.org/x/sys v0.0.0-20200302150141-5c8b2ff67527 h1:uYVVQ9WP/Ds2ROhcaGPeIdVq0RIXVLwsHlnvJ+cT1So=
golang.org/x/sys v0.0.0-20200302150141-5c8b2ff67527/go.mod h1:h1NjWce9XRLGQEsW7wpKNCjG9DtNlClVuFLEZdDNbEs=
golang.org/x/sys v0.0.0-20200625212154-ddb9806d33ae h1:Ih9Yo4hSPImZOpfGuA4bR/ORKTAbhZo2AbWNRCnevdo=
golang.org/x/sys v0.0.0-20200625212154-ddb9806d33ae/go.mod h1:h1NjWce9XRLGQEsW7wpKNCjG9DtNlClVuFLEZdDNbEs=
golang.org/x/text v0.3.2 h1:tW2bmiBqwgJj/UpqtC8EpXEZVYOwU0yG4iWbprSVAcs=
golang.org/x/text v0.3.2/go.mod h1:bEr9sfX3Q8Zfm5fL9x+3itogRgK3+ptLWKqgva+5dAk=
golang.org/x/text v0.3.3 h1:cokOdA+Jmi5PJGXLlLllQSgYigAEfHXJAERHVMaCc2k=
golang.org/x/text v0.3.3/go.mod h1:5Zoc/QRtKVWzQhOtBMvqHzDpF6irO9z98xDceosuGiQ=
golang.org/x/tools v0.0.0-20180917221912-90fa682c2a6e/go.mod h1:n7NCudcB/nEzxVGmLbDWY5pfWTLqBcC2KZ6jyYvM4mQ=
gopkg.in/check.v1 v1.0.0-20190902080502-41f04d3bba15/go.mod h1:Co6ibVJAznAaIkqp8huTwlJQCZ016jof/cbN4VW5Yz0=
gopkg.in/ini.v1 v1.57.0 h1:9unxIsFcTt4I55uWluz+UmL95q4kdJ0buvQ1ZIqVQww=
gopkg.in/ini.v1 v1.57.0/go.mod h1:pNLf8WUiyNEtQjuu5G5vTm06TEv9tsIgeAvK8hOrP4k=
